// !$*UTF8*$!
{
	archiveVersion = 1;
	classes = {
	};
	objectVersion = 50;
	objects = {

/* Begin PBXBuildFile section */
		23A5D34425F5AF3800EF1D40 /* ApiManager.swift in Sources */ = {isa = PBXBuildFile; fileRef = 23A5D34325F5AF3800EF1D40 /* ApiManager.swift */; };
		23A5D34725F5AFB600EF1D40 /* Videos.swift in Sources */ = {isa = PBXBuildFile; fileRef = 23A5D34625F5AFB600EF1D40 /* Videos.swift */; };
		23A5D34A25F5AFD300EF1D40 /* Photos.swift in Sources */ = {isa = PBXBuildFile; fileRef = 23A5D34925F5AFD300EF1D40 /* Photos.swift */; };
		23A5D34E25F5B46300EF1D40 /* NetworkManager.swift in Sources */ = {isa = PBXBuildFile; fileRef = 23A5D34D25F5B46300EF1D40 /* NetworkManager.swift */; };
		23EC1F4D25FAC87A00DA5F09 /* MainViewController.swift in Sources */ = {isa = PBXBuildFile; fileRef = 23EC1F4C25FAC87A00DA5F09 /* MainViewController.swift */; };
		EE2BC0DC25F63EA100ADC479 /* LoginStruct.swift in Sources */ = {isa = PBXBuildFile; fileRef = EE2BC0DB25F63EA100ADC479 /* LoginStruct.swift */; };
		EE3C3F1225F42C7D0034F768 /* RegistrationViewController.swift in Sources */ = {isa = PBXBuildFile; fileRef = EE3C3F1125F42C7D0034F768 /* RegistrationViewController.swift */; };
		EE790A8925F3B54A00E12429 /* AppDelegate.swift in Sources */ = {isa = PBXBuildFile; fileRef = EE790A8825F3B54A00E12429 /* AppDelegate.swift */; };
		EE790A8B25F3B54A00E12429 /* SceneDelegate.swift in Sources */ = {isa = PBXBuildFile; fileRef = EE790A8A25F3B54A00E12429 /* SceneDelegate.swift */; };
		EE790A8D25F3B54A00E12429 /* LoginViewController.swift in Sources */ = {isa = PBXBuildFile; fileRef = EE790A8C25F3B54A00E12429 /* LoginViewController.swift */; };
		EE790A9025F3B54A00E12429 /* Main.storyboard in Resources */ = {isa = PBXBuildFile; fileRef = EE790A8E25F3B54A00E12429 /* Main.storyboard */; };
		EE790A9225F3B54B00E12429 /* Assets.xcassets in Resources */ = {isa = PBXBuildFile; fileRef = EE790A9125F3B54B00E12429 /* Assets.xcassets */; };
		EE790A9525F3B54B00E12429 /* LaunchScreen.storyboard in Resources */ = {isa = PBXBuildFile; fileRef = EE790A9325F3B54B00E12429 /* LaunchScreen.storyboard */; };
/* End PBXBuildFile section */

/* Begin PBXFileReference section */
		23A5D34325F5AF3800EF1D40 /* ApiManager.swift */ = {isa = PBXFileReference; lastKnownFileType = sourcecode.swift; name = ApiManager.swift; path = WA_Exam_App/Model/Services/ApiManager.swift; sourceTree = SOURCE_ROOT; };
		23A5D34625F5AFB600EF1D40 /* Videos.swift */ = {isa = PBXFileReference; lastKnownFileType = sourcecode.swift; path = Videos.swift; sourceTree = SOURCE_ROOT; };
		23A5D34925F5AFD300EF1D40 /* Photos.swift */ = {isa = PBXFileReference; lastKnownFileType = sourcecode.swift; path = Photos.swift; sourceTree = SOURCE_ROOT; };
		23A5D34D25F5B46300EF1D40 /* NetworkManager.swift */ = {isa = PBXFileReference; lastKnownFileType = sourcecode.swift; path = NetworkManager.swift; sourceTree = "<group>"; };
		23EC1F4C25FAC87A00DA5F09 /* MainViewController.swift */ = {isa = PBXFileReference; lastKnownFileType = sourcecode.swift; path = MainViewController.swift; sourceTree = "<group>"; };
		EE2BC0DB25F63EA100ADC479 /* LoginStruct.swift */ = {isa = PBXFileReference; lastKnownFileType = sourcecode.swift; path = LoginStruct.swift; sourceTree = "<group>"; };
		EE3C3F1125F42C7D0034F768 /* RegistrationViewController.swift */ = {isa = PBXFileReference; lastKnownFileType = sourcecode.swift; path = RegistrationViewController.swift; sourceTree = "<group>"; };
		EE790A8525F3B54A00E12429 /* WA_Exam_App.app */ = {isa = PBXFileReference; explicitFileType = wrapper.application; includeInIndex = 0; path = WA_Exam_App.app; sourceTree = BUILT_PRODUCTS_DIR; };
		EE790A8825F3B54A00E12429 /* AppDelegate.swift */ = {isa = PBXFileReference; lastKnownFileType = sourcecode.swift; path = AppDelegate.swift; sourceTree = "<group>"; };
		EE790A8A25F3B54A00E12429 /* SceneDelegate.swift */ = {isa = PBXFileReference; lastKnownFileType = sourcecode.swift; path = SceneDelegate.swift; sourceTree = "<group>"; };
		EE790A8C25F3B54A00E12429 /* LoginViewController.swift */ = {isa = PBXFileReference; lastKnownFileType = sourcecode.swift; path = LoginViewController.swift; sourceTree = "<group>"; };
		EE790A8F25F3B54A00E12429 /* Base */ = {isa = PBXFileReference; lastKnownFileType = file.storyboard; name = Base; path = Base.lproj/Main.storyboard; sourceTree = "<group>"; };
		EE790A9125F3B54B00E12429 /* Assets.xcassets */ = {isa = PBXFileReference; lastKnownFileType = folder.assetcatalog; path = Assets.xcassets; sourceTree = "<group>"; };
		EE790A9425F3B54B00E12429 /* Base */ = {isa = PBXFileReference; lastKnownFileType = file.storyboard; name = Base; path = Base.lproj/LaunchScreen.storyboard; sourceTree = "<group>"; };
		EE790A9625F3B54B00E12429 /* Info.plist */ = {isa = PBXFileReference; lastKnownFileType = text.plist.xml; path = Info.plist; sourceTree = "<group>"; };
/* End PBXFileReference section */

/* Begin PBXFrameworksBuildPhase section */
		EE790A8225F3B54A00E12429 /* Frameworks */ = {
			isa = PBXFrameworksBuildPhase;
			buildActionMask = 2147483647;
			files = (
			);
			runOnlyForDeploymentPostprocessing = 0;
		};
/* End PBXFrameworksBuildPhase section */

/* Begin PBXGroup section */
		23A5D34C25F5B40500EF1D40 /* Services */ = {
			isa = PBXGroup;
			children = (
				23A5D34325F5AF3800EF1D40 /* ApiManager.swift */,
				23A5D34D25F5B46300EF1D40 /* NetworkManager.swift */,
			);
			path = Services;
			sourceTree = "<group>";
		};
		EE0B447525F3EF0500E18886 /* Controller */ = {
			isa = PBXGroup;
			children = (
				EE790A8C25F3B54A00E12429 /* LoginViewController.swift */,
				EE3C3F1125F42C7D0034F768 /* RegistrationViewController.swift */,
				23EC1F4C25FAC87A00DA5F09 /* MainViewController.swift */,
			);
			path = Controller;
			sourceTree = "<group>";
		};
		EE0B447625F3EF1500E18886 /* View */ = {
			isa = PBXGroup;
			children = (
				EE790A8E25F3B54A00E12429 /* Main.storyboard */,
			);
			path = View;
			sourceTree = "<group>";
		};
		EE0B447725F3EF1D00E18886 /* Model */ = {
			isa = PBXGroup;
			children = (
				23A5D34C25F5B40500EF1D40 /* Services */,
				23A5D34625F5AFB600EF1D40 /* Videos.swift */,
				23A5D34925F5AFD300EF1D40 /* Photos.swift */,
				EE2BC0DB25F63EA100ADC479 /* LoginStruct.swift */,
			);
			path = Model;
			sourceTree = "<group>";
		};
		EE790A7C25F3B54A00E12429 = {
			isa = PBXGroup;
			children = (
				EE790A8725F3B54A00E12429 /* WA_Exam_App */,
				EE790A8625F3B54A00E12429 /* Products */,
			);
			sourceTree = "<group>";
		};
		EE790A8625F3B54A00E12429 /* Products */ = {
			isa = PBXGroup;
			children = (
				EE790A8525F3B54A00E12429 /* WA_Exam_App.app */,
			);
			name = Products;
			sourceTree = "<group>";
		};
		EE790A8725F3B54A00E12429 /* WA_Exam_App */ = {
			isa = PBXGroup;
			children = (
				EE0B447725F3EF1D00E18886 /* Model */,
				EE0B447625F3EF1500E18886 /* View */,
				EE0B447525F3EF0500E18886 /* Controller */,
				EE790A8825F3B54A00E12429 /* AppDelegate.swift */,
				EE790A8A25F3B54A00E12429 /* SceneDelegate.swift */,
				EE790A9125F3B54B00E12429 /* Assets.xcassets */,
				EE790A9325F3B54B00E12429 /* LaunchScreen.storyboard */,
				EE790A9625F3B54B00E12429 /* Info.plist */,
			);
			path = WA_Exam_App;
			sourceTree = "<group>";
		};
/* End PBXGroup section */

/* Begin PBXNativeTarget section */
		EE790A8425F3B54A00E12429 /* WA_Exam_App */ = {
			isa = PBXNativeTarget;
			buildConfigurationList = EE790A9925F3B54B00E12429 /* Build configuration list for PBXNativeTarget "WA_Exam_App" */;
			buildPhases = (
				EE790A8125F3B54A00E12429 /* Sources */,
				EE790A8225F3B54A00E12429 /* Frameworks */,
				EE790A8325F3B54A00E12429 /* Resources */,
			);
			buildRules = (
			);
			dependencies = (
			);
			name = WA_Exam_App;
			productName = WA_Exam_App;
			productReference = EE790A8525F3B54A00E12429 /* WA_Exam_App.app */;
			productType = "com.apple.product-type.application";
		};
/* End PBXNativeTarget section */

/* Begin PBXProject section */
		EE790A7D25F3B54A00E12429 /* Project object */ = {
			isa = PBXProject;
			attributes = {
				LastSwiftUpdateCheck = 1240;
				LastUpgradeCheck = 1240;
				TargetAttributes = {
					EE790A8425F3B54A00E12429 = {
						CreatedOnToolsVersion = 12.4;
					};
				};
			};
			buildConfigurationList = EE790A8025F3B54A00E12429 /* Build configuration list for PBXProject "WA_Exam_App" */;
			compatibilityVersion = "Xcode 9.3";
			developmentRegion = en;
			hasScannedForEncodings = 0;
			knownRegions = (
				en,
				Base,
			);
			mainGroup = EE790A7C25F3B54A00E12429;
			productRefGroup = EE790A8625F3B54A00E12429 /* Products */;
			projectDirPath = "";
			projectRoot = "";
			targets = (
				EE790A8425F3B54A00E12429 /* WA_Exam_App */,
			);
		};
/* End PBXProject section */

/* Begin PBXResourcesBuildPhase section */
		EE790A8325F3B54A00E12429 /* Resources */ = {
			isa = PBXResourcesBuildPhase;
			buildActionMask = 2147483647;
			files = (
				EE790A9525F3B54B00E12429 /* LaunchScreen.storyboard in Resources */,
				EE790A9225F3B54B00E12429 /* Assets.xcassets in Resources */,
				EE790A9025F3B54A00E12429 /* Main.storyboard in Resources */,
			);
			runOnlyForDeploymentPostprocessing = 0;
		};
/* End PBXResourcesBuildPhase section */

/* Begin PBXSourcesBuildPhase section */
		EE790A8125F3B54A00E12429 /* Sources */ = {
			isa = PBXSourcesBuildPhase;
			buildActionMask = 2147483647;
			files = (
				EE790A8D25F3B54A00E12429 /* LoginViewController.swift in Sources */,
				EE2BC0DC25F63EA100ADC479 /* LoginStruct.swift in Sources */,
				EE790A8925F3B54A00E12429 /* AppDelegate.swift in Sources */,
				23A5D34425F5AF3800EF1D40 /* ApiManager.swift in Sources */,
				23A5D34725F5AFB600EF1D40 /* Videos.swift in Sources */,
				23A5D34E25F5B46300EF1D40 /* NetworkManager.swift in Sources */,
				EE3C3F1225F42C7D0034F768 /* RegistrationViewController.swift in Sources */,
				EE790A8B25F3B54A00E12429 /* SceneDelegate.swift in Sources */,
				23A5D34A25F5AFD300EF1D40 /* Photos.swift in Sources */,
				23EC1F4D25FAC87A00DA5F09 /* MainViewController.swift in Sources */,
			);
			runOnlyForDeploymentPostprocessing = 0;
		};
/* End PBXSourcesBuildPhase section */

/* Begin PBXVariantGroup section */
		EE790A8E25F3B54A00E12429 /* Main.storyboard */ = {
			isa = PBXVariantGroup;
			children = (
				EE790A8F25F3B54A00E12429 /* Base */,
			);
			name = Main.storyboard;
			sourceTree = "<group>";
		};
		EE790A9325F3B54B00E12429 /* LaunchScreen.storyboard */ = {
			isa = PBXVariantGroup;
			children = (
				EE790A9425F3B54B00E12429 /* Base */,
			);
			name = LaunchScreen.storyboard;
			sourceTree = "<group>";
		};
/* End PBXVariantGroup section */

/* Begin XCBuildConfiguration section */
		EE790A9725F3B54B00E12429 /* Debug */ = {
			isa = XCBuildConfiguration;
			buildSettings = {
				ALWAYS_SEARCH_USER_PATHS = NO;
				CLANG_ANALYZER_NONNULL = YES;
				CLANG_ANALYZER_NUMBER_OBJECT_CONVERSION = YES_AGGRESSIVE;
				CLANG_CXX_LANGUAGE_STANDARD = "gnu++14";
				CLANG_CXX_LIBRARY = "libc++";
				CLANG_ENABLE_MODULES = YES;
				CLANG_ENABLE_OBJC_ARC = YES;
				CLANG_ENABLE_OBJC_WEAK = YES;
				CLANG_WARN_BLOCK_CAPTURE_AUTORELEASING = YES;
				CLANG_WARN_BOOL_CONVERSION = YES;
				CLANG_WARN_COMMA = YES;
				CLANG_WARN_CONSTANT_CONVERSION = YES;
				CLANG_WARN_DEPRECATED_OBJC_IMPLEMENTATIONS = YES;
				CLANG_WARN_DIRECT_OBJC_ISA_USAGE = YES_ERROR;
				CLANG_WARN_DOCUMENTATION_COMMENTS = YES;
				CLANG_WARN_EMPTY_BODY = YES;
				CLANG_WARN_ENUM_CONVERSION = YES;
				CLANG_WARN_INFINITE_RECURSION = YES;
				CLANG_WARN_INT_CONVERSION = YES;
				CLANG_WARN_NON_LITERAL_NULL_CONVERSION = YES;
				CLANG_WARN_OBJC_IMPLICIT_RETAIN_SELF = YES;
				CLANG_WARN_OBJC_LITERAL_CONVERSION = YES;
				CLANG_WARN_OBJC_ROOT_CLASS = YES_ERROR;
				CLANG_WARN_QUOTED_INCLUDE_IN_FRAMEWORK_HEADER = YES;
				CLANG_WARN_RANGE_LOOP_ANALYSIS = YES;
				CLANG_WARN_STRICT_PROTOTYPES = YES;
				CLANG_WARN_SUSPICIOUS_MOVE = YES;
				CLANG_WARN_UNGUARDED_AVAILABILITY = YES_AGGRESSIVE;
				CLANG_WARN_UNREACHABLE_CODE = YES;
				CLANG_WARN__DUPLICATE_METHOD_MATCH = YES;
				COPY_PHASE_STRIP = NO;
				DEBUG_INFORMATION_FORMAT = dwarf;
				ENABLE_STRICT_OBJC_MSGSEND = YES;
				ENABLE_TESTABILITY = YES;
				GCC_C_LANGUAGE_STANDARD = gnu11;
				GCC_DYNAMIC_NO_PIC = NO;
				GCC_NO_COMMON_BLOCKS = YES;
				GCC_OPTIMIZATION_LEVEL = 0;
				GCC_PREPROCESSOR_DEFINITIONS = (
					"DEBUG=1",
					"$(inherited)",
				);
				GCC_WARN_64_TO_32_BIT_CONVERSION = YES;
				GCC_WARN_ABOUT_RETURN_TYPE = YES_ERROR;
				GCC_WARN_UNDECLARED_SELECTOR = YES;
				GCC_WARN_UNINITIALIZED_AUTOS = YES_AGGRESSIVE;
				GCC_WARN_UNUSED_FUNCTION = YES;
				GCC_WARN_UNUSED_VARIABLE = YES;
				IPHONEOS_DEPLOYMENT_TARGET = 14.4;
				MTL_ENABLE_DEBUG_INFO = INCLUDE_SOURCE;
				MTL_FAST_MATH = YES;
				ONLY_ACTIVE_ARCH = YES;
				SDKROOT = iphoneos;
				SWIFT_ACTIVE_COMPILATION_CONDITIONS = DEBUG;
				SWIFT_OPTIMIZATION_LEVEL = "-Onone";
			};
			name = Debug;
		};
		EE790A9825F3B54B00E12429 /* Release */ = {
			isa = XCBuildConfiguration;
			buildSettings = {
				ALWAYS_SEARCH_USER_PATHS = NO;
				CLANG_ANALYZER_NONNULL = YES;
				CLANG_ANALYZER_NUMBER_OBJECT_CONVERSION = YES_AGGRESSIVE;
				CLANG_CXX_LANGUAGE_STANDARD = "gnu++14";
				CLANG_CXX_LIBRARY = "libc++";
				CLANG_ENABLE_MODULES = YES;
				CLANG_ENABLE_OBJC_ARC = YES;
				CLANG_ENABLE_OBJC_WEAK = YES;
				CLANG_WARN_BLOCK_CAPTURE_AUTORELEASING = YES;
				CLANG_WARN_BOOL_CONVERSION = YES;
				CLANG_WARN_COMMA = YES;
				CLANG_WARN_CONSTANT_CONVERSION = YES;
				CLANG_WARN_DEPRECATED_OBJC_IMPLEMENTATIONS = YES;
				CLANG_WARN_DIRECT_OBJC_ISA_USAGE = YES_ERROR;
				CLANG_WARN_DOCUMENTATION_COMMENTS = YES;
				CLANG_WARN_EMPTY_BODY = YES;
				CLANG_WARN_ENUM_CONVERSION = YES;
				CLANG_WARN_INFINITE_RECURSION = YES;
				CLANG_WARN_INT_CONVERSION = YES;
				CLANG_WARN_NON_LITERAL_NULL_CONVERSION = YES;
				CLANG_WARN_OBJC_IMPLICIT_RETAIN_SELF = YES;
				CLANG_WARN_OBJC_LITERAL_CONVERSION = YES;
				CLANG_WARN_OBJC_ROOT_CLASS = YES_ERROR;
				CLANG_WARN_QUOTED_INCLUDE_IN_FRAMEWORK_HEADER = YES;
				CLANG_WARN_RANGE_LOOP_ANALYSIS = YES;
				CLANG_WARN_STRICT_PROTOTYPES = YES;
				CLANG_WARN_SUSPICIOUS_MOVE = YES;
				CLANG_WARN_UNGUARDED_AVAILABILITY = YES_AGGRESSIVE;
				CLANG_WARN_UNREACHABLE_CODE = YES;
				CLANG_WARN__DUPLICATE_METHOD_MATCH = YES;
				COPY_PHASE_STRIP = NO;
				DEBUG_INFORMATION_FORMAT = "dwarf-with-dsym";
				ENABLE_NS_ASSERTIONS = NO;
				ENABLE_STRICT_OBJC_MSGSEND = YES;
				GCC_C_LANGUAGE_STANDARD = gnu11;
				GCC_NO_COMMON_BLOCKS = YES;
				GCC_WARN_64_TO_32_BIT_CONVERSION = YES;
				GCC_WARN_ABOUT_RETURN_TYPE = YES_ERROR;
				GCC_WARN_UNDECLARED_SELECTOR = YES;
				GCC_WARN_UNINITIALIZED_AUTOS = YES_AGGRESSIVE;
				GCC_WARN_UNUSED_FUNCTION = YES;
				GCC_WARN_UNUSED_VARIABLE = YES;
				IPHONEOS_DEPLOYMENT_TARGET = 14.4;
				MTL_ENABLE_DEBUG_INFO = NO;
				MTL_FAST_MATH = YES;
				SDKROOT = iphoneos;
				SWIFT_COMPILATION_MODE = wholemodule;
				SWIFT_OPTIMIZATION_LEVEL = "-O";
				VALIDATE_PRODUCT = YES;
			};
			name = Release;
		};
		EE790A9A25F3B54B00E12429 /* Debug */ = {
			isa = XCBuildConfiguration;
			buildSettings = {
				ASSETCATALOG_COMPILER_APPICON_NAME = AppIcon;
				ASSETCATALOG_COMPILER_GLOBAL_ACCENT_COLOR_NAME = AccentColor;
				CODE_SIGN_STYLE = Automatic;
				DEVELOPMENT_TEAM = "";
				INFOPLIST_FILE = WA_Exam_App/Info.plist;
				LD_RUNPATH_SEARCH_PATHS = (
					"$(inherited)",
					"@executable_path/Frameworks",
				);
				PRODUCT_BUNDLE_IDENTIFIER = "ispetrovskyi.WA-Exam-App";
				PRODUCT_NAME = "$(TARGET_NAME)";
				SWIFT_VERSION = 5.0;
				TARGETED_DEVICE_FAMILY = "1,2";
			};
			name = Debug;
		};
		EE790A9B25F3B54B00E12429 /* Release */ = {
			isa = XCBuildConfiguration;
			buildSettings = {
				ASSETCATALOG_COMPILER_APPICON_NAME = AppIcon;
				ASSETCATALOG_COMPILER_GLOBAL_ACCENT_COLOR_NAME = AccentColor;
				CODE_SIGN_STYLE = Automatic;
				DEVELOPMENT_TEAM = "";
				INFOPLIST_FILE = WA_Exam_App/Info.plist;
				LD_RUNPATH_SEARCH_PATHS = (
					"$(inherited)",
					"@executable_path/Frameworks",
				);
				PRODUCT_BUNDLE_IDENTIFIER = "ispetrovskyi.WA-Exam-App";
				PRODUCT_NAME = "$(TARGET_NAME)";
				SWIFT_VERSION = 5.0;
				TARGETED_DEVICE_FAMILY = "1,2";
			};
			name = Release;
		};
/* End XCBuildConfiguration section */

/* Begin XCConfigurationList section */
		EE790A8025F3B54A00E12429 /* Build configuration list for PBXProject "WA_Exam_App" */ = {
			isa = XCConfigurationList;
			buildConfigurations = (
				EE790A9725F3B54B00E12429 /* Debug */,
				EE790A9825F3B54B00E12429 /* Release */,
			);
			defaultConfigurationIsVisible = 0;
			defaultConfigurationName = Release;
		};
		EE790A9925F3B54B00E12429 /* Build configuration list for PBXNativeTarget "WA_Exam_App" */ = {
			isa = XCConfigurationList;
			buildConfigurations = (
				EE790A9A25F3B54B00E12429 /* Debug */,
				EE790A9B25F3B54B00E12429 /* Release */,
			);
			defaultConfigurationIsVisible = 0;
			defaultConfigurationName = Release;
		};
/* End XCConfigurationList section */
	};
	rootObject = EE790A7D25F3B54A00E12429 /* Project object */;
}
