// !$*UTF8*$!
{
	archiveVersion = 1;
	classes = {
	};
	objectVersion = 51;
	objects = {

/* Begin PBXBuildFile section */
		23A5D34425F5AF3800EF1D40 /* ApiManager.swift in Sources */ = {isa = PBXBuildFile; fileRef = 23A5D34325F5AF3800EF1D40 /* ApiManager.swift */; };
		23A5D34725F5AFB600EF1D40 /* Videos.swift in Sources */ = {isa = PBXBuildFile; fileRef = 23A5D34625F5AFB600EF1D40 /* Videos.swift */; };
		23A5D34A25F5AFD300EF1D40 /* Photos.swift in Sources */ = {isa = PBXBuildFile; fileRef = 23A5D34925F5AFD300EF1D40 /* Photos.swift */; };
		23A5D34E25F5B46300EF1D40 /* NetworkManager.swift in Sources */ = {isa = PBXBuildFile; fileRef = 23A5D34D25F5B46300EF1D40 /* NetworkManager.swift */; };
		61F80991F3FFE4033AFA2B02 /* Pods_WA_Exam_App.framework in Frameworks */ = {isa = PBXBuildFile; fileRef = D6648EB20149A2F60F2148FF /* Pods_WA_Exam_App.framework */; };
		EE3C3F1225F42C7D0034F768 /* RegistrationViewController.swift in Sources */ = {isa = PBXBuildFile; fileRef = EE3C3F1125F42C7D0034F768 /* RegistrationViewController.swift */; };
		EE3F327725FBFCF800DE9758 /* User.swift in Sources */ = {isa = PBXBuildFile; fileRef = EE3F327625FBFCF800DE9758 /* User.swift */; };
		EE3F327B25FC016700DE9758 /* UserEndPointProtocol.swift in Sources */ = {isa = PBXBuildFile; fileRef = EE3F327A25FC016700DE9758 /* UserEndPointProtocol.swift */; };
		EE57E55625FD1F38001C7B7B /* UserParseManager.swift in Sources */ = {isa = PBXBuildFile; fileRef = EE57E55525FD1F38001C7B7B /* UserParseManager.swift */; };
		EE57E55925FD1F8C001C7B7B /* UserManager.swift in Sources */ = {isa = PBXBuildFile; fileRef = EE57E55825FD1F8C001C7B7B /* UserManager.swift */; };
		EE78A60525FE27DF00ECFC9F /* UserAPIManager.swift in Sources */ = {isa = PBXBuildFile; fileRef = EE78A60425FE27DF00ECFC9F /* UserAPIManager.swift */; };
		EE790A8925F3B54A00E12429 /* AppDelegate.swift in Sources */ = {isa = PBXBuildFile; fileRef = EE790A8825F3B54A00E12429 /* AppDelegate.swift */; };
		EE790A8B25F3B54A00E12429 /* SceneDelegate.swift in Sources */ = {isa = PBXBuildFile; fileRef = EE790A8A25F3B54A00E12429 /* SceneDelegate.swift */; };
		EE790A8D25F3B54A00E12429 /* LoginViewController.swift in Sources */ = {isa = PBXBuildFile; fileRef = EE790A8C25F3B54A00E12429 /* LoginViewController.swift */; };
		EE790A9025F3B54A00E12429 /* Main.storyboard in Resources */ = {isa = PBXBuildFile; fileRef = EE790A8E25F3B54A00E12429 /* Main.storyboard */; };
		EE790A9225F3B54B00E12429 /* Assets.xcassets in Resources */ = {isa = PBXBuildFile; fileRef = EE790A9125F3B54B00E12429 /* Assets.xcassets */; };
		EE790A9525F3B54B00E12429 /* LaunchScreen.storyboard in Resources */ = {isa = PBXBuildFile; fileRef = EE790A9325F3B54B00E12429 /* LaunchScreen.storyboard */; };
/* End PBXBuildFile section */

/* Begin PBXFileReference section */
		23A5D34325F5AF3800EF1D40 /* ApiManager.swift */ = {isa = PBXFileReference; lastKnownFileType = sourcecode.swift; name = ApiManager.swift; path = WA_Exam_App/Model/Services/ApiManager.swift; sourceTree = SOURCE_ROOT; };
		23A5D34625F5AFB600EF1D40 /* Videos.swift */ = {isa = PBXFileReference; lastKnownFileType = sourcecode.swift; path = Videos.swift; sourceTree = SOURCE_ROOT; };
		23A5D34925F5AFD300EF1D40 /* Photos.swift */ = {isa = PBXFileReference; lastKnownFileType = sourcecode.swift; path = Photos.swift; sourceTree = SOURCE_ROOT; };
		23A5D34D25F5B46300EF1D40 /* NetworkManager.swift */ = {isa = PBXFileReference; lastKnownFileType = sourcecode.swift; path = NetworkManager.swift; sourceTree = "<group>"; };
		71394657513EC8542F4A1DBE /* Pods-WA_Exam_App.debug.xcconfig */ = {isa = PBXFileReference; includeInIndex = 1; lastKnownFileType = text.xcconfig; name = "Pods-WA_Exam_App.debug.xcconfig"; path = "Target Support Files/Pods-WA_Exam_App/Pods-WA_Exam_App.debug.xcconfig"; sourceTree = "<group>"; };
		D6648EB20149A2F60F2148FF /* Pods_WA_Exam_App.framework */ = {isa = PBXFileReference; explicitFileType = wrapper.framework; includeInIndex = 0; path = Pods_WA_Exam_App.framework; sourceTree = BUILT_PRODUCTS_DIR; };
		E3823E23B211E411F3432A3E /* Pods-WA_Exam_App.release.xcconfig */ = {isa = PBXFileReference; includeInIndex = 1; lastKnownFileType = text.xcconfig; name = "Pods-WA_Exam_App.release.xcconfig"; path = "Target Support Files/Pods-WA_Exam_App/Pods-WA_Exam_App.release.xcconfig"; sourceTree = "<group>"; };
		EE3C3F1125F42C7D0034F768 /* RegistrationViewController.swift */ = {isa = PBXFileReference; lastKnownFileType = sourcecode.swift; path = RegistrationViewController.swift; sourceTree = "<group>"; };
		EE3F327625FBFCF800DE9758 /* User.swift */ = {isa = PBXFileReference; lastKnownFileType = sourcecode.swift; path = User.swift; sourceTree = "<group>"; };
		EE3F327A25FC016700DE9758 /* UserEndPointProtocol.swift */ = {isa = PBXFileReference; lastKnownFileType = sourcecode.swift; path = UserEndPointProtocol.swift; sourceTree = "<group>"; };
		EE57E55525FD1F38001C7B7B /* UserParseManager.swift */ = {isa = PBXFileReference; lastKnownFileType = sourcecode.swift; path = UserParseManager.swift; sourceTree = "<group>"; };
		EE57E55825FD1F8C001C7B7B /* UserManager.swift */ = {isa = PBXFileReference; lastKnownFileType = sourcecode.swift; path = UserManager.swift; sourceTree = "<group>"; };
		EE78A60425FE27DF00ECFC9F /* UserAPIManager.swift */ = {isa = PBXFileReference; lastKnownFileType = sourcecode.swift; path = UserAPIManager.swift; sourceTree = "<group>"; };
		EE790A8525F3B54A00E12429 /* WA_Exam_App.app */ = {isa = PBXFileReference; explicitFileType = wrapper.application; includeInIndex = 0; path = WA_Exam_App.app; sourceTree = BUILT_PRODUCTS_DIR; };
		EE790A8825F3B54A00E12429 /* AppDelegate.swift */ = {isa = PBXFileReference; lastKnownFileType = sourcecode.swift; path = AppDelegate.swift; sourceTree = "<group>"; };
		EE790A8A25F3B54A00E12429 /* SceneDelegate.swift */ = {isa = PBXFileReference; lastKnownFileType = sourcecode.swift; path = SceneDelegate.swift; sourceTree = "<group>"; };
		EE790A8C25F3B54A00E12429 /* LoginViewController.swift */ = {isa = PBXFileReference; lastKnownFileType = sourcecode.swift; path = LoginViewController.swift; sourceTree = "<group>"; };
		EE790A8F25F3B54A00E12429 /* Base */ = {isa = PBXFileReference; lastKnownFileType = file.storyboard; name = Base; path = Base.lproj/Main.storyboard; sourceTree = "<group>"; };
		EE790A9125F3B54B00E12429 /* Assets.xcassets */ = {isa = PBXFileReference; lastKnownFileType = folder.assetcatalog; path = Assets.xcassets; sourceTree = "<group>"; };
		EE790A9425F3B54B00E12429 /* Base */ = {isa = PBXFileReference; lastKnownFileType = file.storyboard; name = Base; path = Base.lproj/LaunchScreen.storyboard; sourceTree = "<group>"; };
		EE790A9625F3B54B00E12429 /* Info.plist */ = {isa = PBXFileReference; lastKnownFileType = text.plist.xml; path = Info.plist; sourceTree = "<group>"; };
/* End PBXFileReference section */

/* Begin PBXFrameworksBuildPhase section */
		EE790A8225F3B54A00E12429 /* Frameworks */ = {
			isa = PBXFrameworksBuildPhase;
			buildActionMask = 2147483647;
			files = (
				61F80991F3FFE4033AFA2B02 /* Pods_WA_Exam_App.framework in Frameworks */,
			);
			runOnlyForDeploymentPostprocessing = 0;
		};
/* End PBXFrameworksBuildPhase section */

/* Begin PBXGroup section */
		039E6341C81580D587E3EE77 /* Pods */ = {
			isa = PBXGroup;
			children = (
				71394657513EC8542F4A1DBE /* Pods-WA_Exam_App.debug.xcconfig */,
				E3823E23B211E411F3432A3E /* Pods-WA_Exam_App.release.xcconfig */,
			);
			path = Pods;
			sourceTree = "<group>";
		};
		23A5D34C25F5B40500EF1D40 /* Services */ = {
			isa = PBXGroup;
			children = (
				23A5D34325F5AF3800EF1D40 /* ApiManager.swift */,
				23A5D34D25F5B46300EF1D40 /* NetworkManager.swift */,
			);
			path = Services;
			sourceTree = "<group>";
		};
		ABD7B77FA5F1EA8632ED9398 /* Frameworks */ = {
			isa = PBXGroup;
			children = (
				D6648EB20149A2F60F2148FF /* Pods_WA_Exam_App.framework */,
			);
			name = Frameworks;
			sourceTree = "<group>";
		};
		EE0B447525F3EF0500E18886 /* Controller */ = {
			isa = PBXGroup;
			children = (
				EE790A8C25F3B54A00E12429 /* LoginViewController.swift */,
				EE3C3F1125F42C7D0034F768 /* RegistrationViewController.swift */,
			);
			path = Controller;
			sourceTree = "<group>";
		};
		EE0B447625F3EF1500E18886 /* View */ = {
			isa = PBXGroup;
			children = (
				EE790A8E25F3B54A00E12429 /* Main.storyboard */,
			);
			path = View;
			sourceTree = "<group>";
		};
		EE0B447725F3EF1D00E18886 /* Model */ = {
			isa = PBXGroup;
			children = (
				EE3F327525FBFC2700DE9758 /* SignIn LogIn */,
				23A5D34C25F5B40500EF1D40 /* Services */,
				23A5D34625F5AFB600EF1D40 /* Videos.swift */,
				23A5D34925F5AFD300EF1D40 /* Photos.swift */,
			);
			path = Model;
			sourceTree = "<group>";
		};
		EE3F327525FBFC2700DE9758 /* SignIn LogIn */ = {
			isa = PBXGroup;
			children = (
				EE3F327D25FC01E000DE9758 /* Network */,
				EE3F327625FBFCF800DE9758 /* User.swift */,
			);
			path = "SignIn LogIn";
			sourceTree = "<group>";
		};
		EE3F327D25FC01E000DE9758 /* Network */ = {
			isa = PBXGroup;
			children = (
				EE3F327A25FC016700DE9758 /* UserEndPointProtocol.swift */,
				EE57E55525FD1F38001C7B7B /* UserParseManager.swift */,
				EE78A60425FE27DF00ECFC9F /* UserAPIManager.swift */,
				EE57E55825FD1F8C001C7B7B /* UserManager.swift */,
			);
			path = Network;
			sourceTree = "<group>";
		};
		EE790A7C25F3B54A00E12429 = {
			isa = PBXGroup;
			children = (
				EE790A8725F3B54A00E12429 /* WA_Exam_App */,
				EE790A8625F3B54A00E12429 /* Products */,
				039E6341C81580D587E3EE77 /* Pods */,
				ABD7B77FA5F1EA8632ED9398 /* Frameworks */,
			);
			sourceTree = "<group>";
		};
		EE790A8625F3B54A00E12429 /* Products */ = {
			isa = PBXGroup;
			children = (
				EE790A8525F3B54A00E12429 /* WA_Exam_App.app */,
			);
			name = Products;
			sourceTree = "<group>";
		};
		EE790A8725F3B54A00E12429 /* WA_Exam_App */ = {
			isa = PBXGroup;
			children = (
				EE0B447725F3EF1D00E18886 /* Model */,
				EE0B447625F3EF1500E18886 /* View */,
				EE0B447525F3EF0500E18886 /* Controller */,
				EE790A8825F3B54A00E12429 /* AppDelegate.swift */,
				EE790A8A25F3B54A00E12429 /* SceneDelegate.swift */,
				EE790A9125F3B54B00E12429 /* Assets.xcassets */,
				EE790A9325F3B54B00E12429 /* LaunchScreen.storyboard */,
				EE790A9625F3B54B00E12429 /* Info.plist */,
			);
			path = WA_Exam_App;
			sourceTree = "<group>";
		};
/* End PBXGroup section */

/* Begin PBXNativeTarget section */
		EE790A8425F3B54A00E12429 /* WA_Exam_App */ = {
			isa = PBXNativeTarget;
			buildConfigurationList = EE790A9925F3B54B00E12429 /* Build configuration list for PBXNativeTarget "WA_Exam_App" */;
			buildPhases = (
				092DE7778121A31782D4D65E /* [CP] Check Pods Manifest.lock */,
				EE790A8125F3B54A00E12429 /* Sources */,
				EE790A8225F3B54A00E12429 /* Frameworks */,
				EE790A8325F3B54A00E12429 /* Resources */,
				FA8977051F2A607979250024 /* [CP] Embed Pods Frameworks */,
			);
			buildRules = (
			);
			dependencies = (
			);
			name = WA_Exam_App;
			productName = WA_Exam_App;
			productReference = EE790A8525F3B54A00E12429 /* WA_Exam_App.app */;
			productType = "com.apple.product-type.application";
		};
/* End PBXNativeTarget section */

/* Begin PBXProject section */
		EE790A7D25F3B54A00E12429 /* Project object */ = {
			isa = PBXProject;
			attributes = {
				LastSwiftUpdateCheck = 1240;
				LastUpgradeCheck = 1240;
				TargetAttributes = {
					EE790A8425F3B54A00E12429 = {
						CreatedOnToolsVersion = 12.4;
					};
				};
			};
			buildConfigurationList = EE790A8025F3B54A00E12429 /* Build configuration list for PBXProject "WA_Exam_App" */;
			compatibilityVersion = "Xcode 9.3";
			developmentRegion = en;
			hasScannedForEncodings = 0;
			knownRegions = (
				en,
				Base,
			);
			mainGroup = EE790A7C25F3B54A00E12429;
			productRefGroup = EE790A8625F3B54A00E12429 /* Products */;
			projectDirPath = "";
			projectRoot = "";
			targets = (
				EE790A8425F3B54A00E12429 /* WA_Exam_App */,
			);
		};
/* End PBXProject section */

/* Begin PBXResourcesBuildPhase section */
		EE790A8325F3B54A00E12429 /* Resources */ = {
			isa = PBXResourcesBuildPhase;
			buildActionMask = 2147483647;
			files = (
				EE790A9525F3B54B00E12429 /* LaunchScreen.storyboard in Resources */,
				EE790A9225F3B54B00E12429 /* Assets.xcassets in Resources */,
				EE790A9025F3B54A00E12429 /* Main.storyboard in Resources */,
			);
			runOnlyForDeploymentPostprocessing = 0;
		};
/* End PBXResourcesBuildPhase section */

/* Begin PBXShellScriptBuildPhase section */
		092DE7778121A31782D4D65E /* [CP] Check Pods Manifest.lock */ = {
			isa = PBXShellScriptBuildPhase;
			buildActionMask = 2147483647;
			files = (
			);
			inputFileListPaths = (
			);
			inputPaths = (
				"${PODS_PODFILE_DIR_PATH}/Podfile.lock",
				"${PODS_ROOT}/Manifest.lock",
			);
			name = "[CP] Check Pods Manifest.lock";
			outputFileListPaths = (
			);
			outputPaths = (
				"$(DERIVED_FILE_DIR)/Pods-WA_Exam_App-checkManifestLockResult.txt",
			);
			runOnlyForDeploymentPostprocessing = 0;
			shellPath = /bin/sh;
			shellScript = "diff \"${PODS_PODFILE_DIR_PATH}/Podfile.lock\" \"${PODS_ROOT}/Manifest.lock\" > /dev/null\nif [ $? != 0 ] ; then\n    # print error to STDERR\n    echo \"error: The sandbox is not in sync with the Podfile.lock. Run 'pod install' or update your CocoaPods installation.\" >&2\n    exit 1\nfi\n# This output is used by Xcode 'outputs' to avoid re-running this script phase.\necho \"SUCCESS\" > \"${SCRIPT_OUTPUT_FILE_0}\"\n";
			showEnvVarsInLog = 0;
		};
		FA8977051F2A607979250024 /* [CP] Embed Pods Frameworks */ = {
			isa = PBXShellScriptBuildPhase;
			buildActionMask = 2147483647;
			files = (
			);
			inputFileListPaths = (
				"${PODS_ROOT}/Target Support Files/Pods-WA_Exam_App/Pods-WA_Exam_App-frameworks-${CONFIGURATION}-input-files.xcfilelist",
			);
			name = "[CP] Embed Pods Frameworks";
			outputFileListPaths = (
				"${PODS_ROOT}/Target Support Files/Pods-WA_Exam_App/Pods-WA_Exam_App-frameworks-${CONFIGURATION}-output-files.xcfilelist",
			);
			runOnlyForDeploymentPostprocessing = 0;
			shellPath = /bin/sh;
			shellScript = "\"${PODS_ROOT}/Target Support Files/Pods-WA_Exam_App/Pods-WA_Exam_App-frameworks.sh\"\n";
			showEnvVarsInLog = 0;
		};
/* End PBXShellScriptBuildPhase section */

/* Begin PBXSourcesBuildPhase section */
		EE790A8125F3B54A00E12429 /* Sources */ = {
			isa = PBXSourcesBuildPhase;
			buildActionMask = 2147483647;
			files = (
				EE790A8D25F3B54A00E12429 /* LoginViewController.swift in Sources */,
				EE57E55625FD1F38001C7B7B /* UserParseManager.swift in Sources */,
				EE790A8925F3B54A00E12429 /* AppDelegate.swift in Sources */,
				23A5D34425F5AF3800EF1D40 /* ApiManager.swift in Sources */,
				EE3F327725FBFCF800DE9758 /* User.swift in Sources */,
				23A5D34725F5AFB600EF1D40 /* Videos.swift in Sources */,
				EE78A60525FE27DF00ECFC9F /* UserAPIManager.swift in Sources */,
				EE57E55925FD1F8C001C7B7B /* UserManager.swift in Sources */,
				EE3F327B25FC016700DE9758 /* UserEndPointProtocol.swift in Sources */,
				23A5D34E25F5B46300EF1D40 /* NetworkManager.swift in Sources */,
				EE3C3F1225F42C7D0034F768 /* RegistrationViewController.swift in Sources */,
				EE790A8B25F3B54A00E12429 /* SceneDelegate.swift in Sources */,
				23A5D34A25F5AFD300EF1D40 /* Photos.swift in Sources */,
			);
			runOnlyForDeploymentPostprocessing = 0;
		};
/* End PBXSourcesBuildPhase section */

/* Begin PBXVariantGroup section */
		EE790A8E25F3B54A00E12429 /* Main.storyboard */ = {
			isa = PBXVariantGroup;
			children = (
				EE790A8F25F3B54A00E12429 /* Base */,
			);
			name = Main.storyboard;
			sourceTree = "<group>";
		};
		EE790A9325F3B54B00E12429 /* LaunchScreen.storyboard */ = {
			isa = PBXVariantGroup;
			children = (
				EE790A9425F3B54B00E12429 /* Base */,
			);
			name = LaunchScreen.storyboard;
			sourceTree = "<group>";
		};
/* End PBXVariantGroup section */

/* Begin XCBuildConfiguration section */
		EE790A9725F3B54B00E12429 /* Debug */ = {
			isa = XCBuildConfiguration;
			buildSettings = {
				ALWAYS_SEARCH_USER_PATHS = NO;
				CLANG_ANALYZER_NONNULL = YES;
				CLANG_ANALYZER_NUMBER_OBJECT_CONVERSION = YES_AGGRESSIVE;
				CLANG_CXX_LANGUAGE_STANDARD = "gnu++14";
				CLANG_CXX_LIBRARY = "libc++";
				CLANG_ENABLE_MODULES = YES;
				CLANG_ENABLE_OBJC_ARC = YES;
				CLANG_ENABLE_OBJC_WEAK = YES;
				CLANG_WARN_BLOCK_CAPTURE_AUTORELEASING = YES;
				CLANG_WARN_BOOL_CONVERSION = YES;
				CLANG_WARN_COMMA = YES;
				CLANG_WARN_CONSTANT_CONVERSION = YES;
				CLANG_WARN_DEPRECATED_OBJC_IMPLEMENTATIONS = YES;
				CLANG_WARN_DIRECT_OBJC_ISA_USAGE = YES_ERROR;
				CLANG_WARN_DOCUMENTATION_COMMENTS = YES;
				CLANG_WARN_EMPTY_BODY = YES;
				CLANG_WARN_ENUM_CONVERSION = YES;
				CLANG_WARN_INFINITE_RECURSION = YES;
				CLANG_WARN_INT_CONVERSION = YES;
				CLANG_WARN_NON_LITERAL_NULL_CONVERSION = YES;
				CLANG_WARN_OBJC_IMPLICIT_RETAIN_SELF = YES;
				CLANG_WARN_OBJC_LITERAL_CONVERSION = YES;
				CLANG_WARN_OBJC_ROOT_CLASS = YES_ERROR;
				CLANG_WARN_QUOTED_INCLUDE_IN_FRAMEWORK_HEADER = YES;
				CLANG_WARN_RANGE_LOOP_ANALYSIS = YES;
				CLANG_WARN_STRICT_PROTOTYPES = YES;
				CLANG_WARN_SUSPICIOUS_MOVE = YES;
				CLANG_WARN_UNGUARDED_AVAILABILITY = YES_AGGRESSIVE;
				CLANG_WARN_UNREACHABLE_CODE = YES;
				CLANG_WARN__DUPLICATE_METHOD_MATCH = YES;
				COPY_PHASE_STRIP = NO;
				DEBUG_INFORMATION_FORMAT = dwarf;
				ENABLE_STRICT_OBJC_MSGSEND = YES;
				ENABLE_TESTABILITY = YES;
				GCC_C_LANGUAGE_STANDARD = gnu11;
				GCC_DYNAMIC_NO_PIC = NO;
				GCC_NO_COMMON_BLOCKS = YES;
				GCC_OPTIMIZATION_LEVEL = 0;
				GCC_PREPROCESSOR_DEFINITIONS = (
					"DEBUG=1",
					"$(inherited)",
				);
				GCC_WARN_64_TO_32_BIT_CONVERSION = YES;
				GCC_WARN_ABOUT_RETURN_TYPE = YES_ERROR;
				GCC_WARN_UNDECLARED_SELECTOR = YES;
				GCC_WARN_UNINITIALIZED_AUTOS = YES_AGGRESSIVE;
				GCC_WARN_UNUSED_FUNCTION = YES;
				GCC_WARN_UNUSED_VARIABLE = YES;
				IPHONEOS_DEPLOYMENT_TARGET = 14.4;
				MTL_ENABLE_DEBUG_INFO = INCLUDE_SOURCE;
				MTL_FAST_MATH = YES;
				ONLY_ACTIVE_ARCH = YES;
				SDKROOT = iphoneos;
				SWIFT_ACTIVE_COMPILATION_CONDITIONS = DEBUG;
				SWIFT_OPTIMIZATION_LEVEL = "-Onone";
			};
			name = Debug;
		};
		EE790A9825F3B54B00E12429 /* Release */ = {
			isa = XCBuildConfiguration;
			buildSettings = {
				ALWAYS_SEARCH_USER_PATHS = NO;
				CLANG_ANALYZER_NONNULL = YES;
				CLANG_ANALYZER_NUMBER_OBJECT_CONVERSION = YES_AGGRESSIVE;
				CLANG_CXX_LANGUAGE_STANDARD = "gnu++14";
				CLANG_CXX_LIBRARY = "libc++";
				CLANG_ENABLE_MODULES = YES;
				CLANG_ENABLE_OBJC_ARC = YES;
				CLANG_ENABLE_OBJC_WEAK = YES;
				CLANG_WARN_BLOCK_CAPTURE_AUTORELEASING = YES;
				CLANG_WARN_BOOL_CONVERSION = YES;
				CLANG_WARN_COMMA = YES;
				CLANG_WARN_CONSTANT_CONVERSION = YES;
				CLANG_WARN_DEPRECATED_OBJC_IMPLEMENTATIONS = YES;
				CLANG_WARN_DIRECT_OBJC_ISA_USAGE = YES_ERROR;
				CLANG_WARN_DOCUMENTATION_COMMENTS = YES;
				CLANG_WARN_EMPTY_BODY = YES;
				CLANG_WARN_ENUM_CONVERSION = YES;
				CLANG_WARN_INFINITE_RECURSION = YES;
				CLANG_WARN_INT_CONVERSION = YES;
				CLANG_WARN_NON_LITERAL_NULL_CONVERSION = YES;
				CLANG_WARN_OBJC_IMPLICIT_RETAIN_SELF = YES;
				CLANG_WARN_OBJC_LITERAL_CONVERSION = YES;
				CLANG_WARN_OBJC_ROOT_CLASS = YES_ERROR;
				CLANG_WARN_QUOTED_INCLUDE_IN_FRAMEWORK_HEADER = YES;
				CLANG_WARN_RANGE_LOOP_ANALYSIS = YES;
				CLANG_WARN_STRICT_PROTOTYPES = YES;
				CLANG_WARN_SUSPICIOUS_MOVE = YES;
				CLANG_WARN_UNGUARDED_AVAILABILITY = YES_AGGRESSIVE;
				CLANG_WARN_UNREACHABLE_CODE = YES;
				CLANG_WARN__DUPLICATE_METHOD_MATCH = YES;
				COPY_PHASE_STRIP = NO;
				DEBUG_INFORMATION_FORMAT = "dwarf-with-dsym";
				ENABLE_NS_ASSERTIONS = NO;
				ENABLE_STRICT_OBJC_MSGSEND = YES;
				GCC_C_LANGUAGE_STANDARD = gnu11;
				GCC_NO_COMMON_BLOCKS = YES;
				GCC_WARN_64_TO_32_BIT_CONVERSION = YES;
				GCC_WARN_ABOUT_RETURN_TYPE = YES_ERROR;
				GCC_WARN_UNDECLARED_SELECTOR = YES;
				GCC_WARN_UNINITIALIZED_AUTOS = YES_AGGRESSIVE;
				GCC_WARN_UNUSED_FUNCTION = YES;
				GCC_WARN_UNUSED_VARIABLE = YES;
				IPHONEOS_DEPLOYMENT_TARGET = 14.4;
				MTL_ENABLE_DEBUG_INFO = NO;
				MTL_FAST_MATH = YES;
				SDKROOT = iphoneos;
				SWIFT_COMPILATION_MODE = wholemodule;
				SWIFT_OPTIMIZATION_LEVEL = "-O";
				VALIDATE_PRODUCT = YES;
			};
			name = Release;
		};
		EE790A9A25F3B54B00E12429 /* Debug */ = {
			isa = XCBuildConfiguration;
			baseConfigurationReference = 71394657513EC8542F4A1DBE /* Pods-WA_Exam_App.debug.xcconfig */;
			buildSettings = {
				ASSETCATALOG_COMPILER_APPICON_NAME = AppIcon;
				ASSETCATALOG_COMPILER_GLOBAL_ACCENT_COLOR_NAME = AccentColor;
				CODE_SIGN_STYLE = Automatic;
				DEVELOPMENT_TEAM = "";
				INFOPLIST_FILE = WA_Exam_App/Info.plist;
				LD_RUNPATH_SEARCH_PATHS = (
					"$(inherited)",
					"@executable_path/Frameworks",
				);
				PRODUCT_BUNDLE_IDENTIFIER = "ispetrovskyi.WA-Exam-App";
				PRODUCT_NAME = "$(TARGET_NAME)";
				SWIFT_VERSION = 5.0;
				TARGETED_DEVICE_FAMILY = "1,2";
			};
			name = Debug;
		};
		EE790A9B25F3B54B00E12429 /* Release */ = {
			isa = XCBuildConfiguration;
			baseConfigurationReference = E3823E23B211E411F3432A3E /* Pods-WA_Exam_App.release.xcconfig */;
			buildSettings = {
				ASSETCATALOG_COMPILER_APPICON_NAME = AppIcon;
				ASSETCATALOG_COMPILER_GLOBAL_ACCENT_COLOR_NAME = AccentColor;
				CODE_SIGN_STYLE = Automatic;
				DEVELOPMENT_TEAM = "";
				INFOPLIST_FILE = WA_Exam_App/Info.plist;
				LD_RUNPATH_SEARCH_PATHS = (
					"$(inherited)",
					"@executable_path/Frameworks",
				);
				PRODUCT_BUNDLE_IDENTIFIER = "ispetrovskyi.WA-Exam-App";
				PRODUCT_NAME = "$(TARGET_NAME)";
				SWIFT_VERSION = 5.0;
				TARGETED_DEVICE_FAMILY = "1,2";
			};
			name = Release;
		};
/* End XCBuildConfiguration section */

/* Begin XCConfigurationList section */
		EE790A8025F3B54A00E12429 /* Build configuration list for PBXProject "WA_Exam_App" */ = {
			isa = XCConfigurationList;
			buildConfigurations = (
				EE790A9725F3B54B00E12429 /* Debug */,
				EE790A9825F3B54B00E12429 /* Release */,
			);
			defaultConfigurationIsVisible = 0;
			defaultConfigurationName = Release;
		};
		EE790A9925F3B54B00E12429 /* Build configuration list for PBXNativeTarget "WA_Exam_App" */ = {
			isa = XCConfigurationList;
			buildConfigurations = (
				EE790A9A25F3B54B00E12429 /* Debug */,
				EE790A9B25F3B54B00E12429 /* Release */,
			);
			defaultConfigurationIsVisible = 0;
			defaultConfigurationName = Release;
		};
/* End XCConfigurationList section */
	};
	rootObject = EE790A7D25F3B54A00E12429 /* Project object */;
}
